
Microsoft Visual Studio Solution File, Format Version 12.00
# Visual Studio Version 17
VisualStudioVersion = 17.7.34221.43
MinimumVisualStudioVersion = 10.0.40219.1
Project("{FAE04EC0-301F-11D3-BF4B-00C04F79EFBC}") = "seminar4", "seminar4\seminar4.csproj", "{7636C269-7A9B-4B7A-93E0-27541DBE1036}"
EndProject
Global
	GlobalSection(SolutionConfigurationPlatforms) = preSolution
		Debug|Any CPU = Debug|Any CPU
		Release|Any CPU = Release|Any CPU
	EndGlobalSection
	GlobalSection(ProjectConfigurationPlatforms) = postSolution
		{7636C269-7A9B-4B7A-93E0-27541DBE1036}.Debug|Any CPU.ActiveCfg = Debug|Any CPU
		{7636C269-7A9B-4B7A-93E0-27541DBE1036}.Debug|Any CPU.Build.0 = Debug|Any CPU
		{7636C269-7A9B-4B7A-93E0-27541DBE1036}.Release|Any CPU.ActiveCfg = Release|Any CPU
		{7636C269-7A9B-4B7A-93E0-27541DBE1036}.Release|Any CPU.Build.0 = Release|Any CPU
	EndGlobalSection
	GlobalSection(SolutionProperties) = preSolution
		HideSolutionNode = FALSE
	EndGlobalSection
	GlobalSection(ExtensibilityGlobals) = postSolution
		SolutionGuid = {5511478A-BE0E-4C2A-BAAC-3ED157B7D22A}
	EndGlobalSection
EndGlobal
